
Microsoft Visual Studio Solution File, Format Version 12.00
# Visual Studio Version 16
VisualStudioVersion = 16.0.31313.79
MinimumVisualStudioVersion = 10.0.40219.1
Project("{FAE04EC0-301F-11D3-BF4B-00C04F79EFBC}") = "Graph_Lab_1", "Graph_Lab_1.csproj", "{4AB436A6-B848-4407-97BA-1D8511E04D9C}"
EndProject
Global
	GlobalSection(SolutionConfigurationPlatforms) = preSolution
		Debug|Any CPU = Debug|Any CPU
		Release|Any CPU = Release|Any CPU
	EndGlobalSection
	GlobalSection(ProjectConfigurationPlatforms) = postSolution
		{4AB436A6-B848-4407-97BA-1D8511E04D9C}.Debug|Any CPU.ActiveCfg = Debug|Any CPU
		{4AB436A6-B848-4407-97BA-1D8511E04D9C}.Debug|Any CPU.Build.0 = Debug|Any CPU
		{4AB436A6-B848-4407-97BA-1D8511E04D9C}.Release|Any CPU.ActiveCfg = Release|Any CPU
		{4AB436A6-B848-4407-97BA-1D8511E04D9C}.Release|Any CPU.Build.0 = Release|Any CPU
	EndGlobalSection
	GlobalSection(SolutionProperties) = preSolution
		HideSolutionNode = FALSE
	EndGlobalSection
	GlobalSection(ExtensibilityGlobals) = postSolution
		SolutionGuid = {6C8CC7DF-3520-4167-8D09-AA10E04F226F}
	EndGlobalSection
EndGlobal
